// !$*UTF8*$!
{
	archiveVersion = 1;
	classes = {
	};
	objectVersion = 56;
	objects = {

/* Begin PBXBuildFile section */
		37E522C32912AC4000BCCB8B /* AppDelegate.swift in Sources */ = {isa = PBXBuildFile; fileRef = 37E522C22912AC4000BCCB8B /* AppDelegate.swift */; };
		37E522C52912AC4000BCCB8B /* SceneDelegate.swift in Sources */ = {isa = PBXBuildFile; fileRef = 37E522C42912AC4000BCCB8B /* SceneDelegate.swift */; };
		37E522C72912AC4000BCCB8B /* ViewController.swift in Sources */ = {isa = PBXBuildFile; fileRef = 37E522C62912AC4000BCCB8B /* ViewController.swift */; };
		37E522CA2912AC4000BCCB8B /* Main.storyboard in Resources */ = {isa = PBXBuildFile; fileRef = 37E522C82912AC4000BCCB8B /* Main.storyboard */; };
		37E522CD2912AC4000BCCB8B /* IOS_Shopping_App.xcdatamodeld in Sources */ = {isa = PBXBuildFile; fileRef = 37E522CB2912AC4000BCCB8B /* IOS_Shopping_App.xcdatamodeld */; };
		37E522CF2912AC4200BCCB8B /* Assets.xcassets in Resources */ = {isa = PBXBuildFile; fileRef = 37E522CE2912AC4200BCCB8B /* Assets.xcassets */; };
		37E522D22912AC4200BCCB8B /* LaunchScreen.storyboard in Resources */ = {isa = PBXBuildFile; fileRef = 37E522D02912AC4200BCCB8B /* LaunchScreen.storyboard */; };
		37E522DD2912AC4300BCCB8B /* IOS_Shopping_AppTests.swift in Sources */ = {isa = PBXBuildFile; fileRef = 37E522DC2912AC4300BCCB8B /* IOS_Shopping_AppTests.swift */; };
		37E522E72912AC4300BCCB8B /* IOS_Shopping_AppUITests.swift in Sources */ = {isa = PBXBuildFile; fileRef = 37E522E62912AC4300BCCB8B /* IOS_Shopping_AppUITests.swift */; };
		37E522E92912AC4300BCCB8B /* IOS_Shopping_AppUITestsLaunchTests.swift in Sources */ = {isa = PBXBuildFile; fileRef = 37E522E82912AC4300BCCB8B /* IOS_Shopping_AppUITestsLaunchTests.swift */; };
/* End PBXBuildFile section */

/* Begin PBXContainerItemProxy section */
		37E522D92912AC4300BCCB8B /* PBXContainerItemProxy */ = {
			isa = PBXContainerItemProxy;
			containerPortal = 37E522B72912AC4000BCCB8B /* Project object */;
			proxyType = 1;
			remoteGlobalIDString = 37E522BE2912AC4000BCCB8B;
			remoteInfo = "IOS-Shopping-App";
		};
		37E522E32912AC4300BCCB8B /* PBXContainerItemProxy */ = {
			isa = PBXContainerItemProxy;
			containerPortal = 37E522B72912AC4000BCCB8B /* Project object */;
			proxyType = 1;
			remoteGlobalIDString = 37E522BE2912AC4000BCCB8B;
			remoteInfo = "IOS-Shopping-App";
		};
/* End PBXContainerItemProxy section */

/* Begin PBXFileReference section */
		37E522BF2912AC4000BCCB8B /* IOS-Shopping-App.app */ = {isa = PBXFileReference; explicitFileType = wrapper.application; includeInIndex = 0; path = "IOS-Shopping-App.app"; sourceTree = BUILT_PRODUCTS_DIR; };
		37E522C22912AC4000BCCB8B /* AppDelegate.swift */ = {isa = PBXFileReference; lastKnownFileType = sourcecode.swift; path = AppDelegate.swift; sourceTree = "<group>"; };
		37E522C42912AC4000BCCB8B /* SceneDelegate.swift */ = {isa = PBXFileReference; lastKnownFileType = sourcecode.swift; path = SceneDelegate.swift; sourceTree = "<group>"; };
		37E522C62912AC4000BCCB8B /* ViewController.swift */ = {isa = PBXFileReference; lastKnownFileType = sourcecode.swift; path = ViewController.swift; sourceTree = "<group>"; };
		37E522C92912AC4000BCCB8B /* Base */ = {isa = PBXFileReference; lastKnownFileType = file.storyboard; name = Base; path = Base.lproj/Main.storyboard; sourceTree = "<group>"; };
		37E522CC2912AC4000BCCB8B /* IOS_Shopping_App.xcdatamodel */ = {isa = PBXFileReference; lastKnownFileType = wrapper.xcdatamodel; path = IOS_Shopping_App.xcdatamodel; sourceTree = "<group>"; };
		37E522CE2912AC4200BCCB8B /* Assets.xcassets */ = {isa = PBXFileReference; lastKnownFileType = folder.assetcatalog; path = Assets.xcassets; sourceTree = "<group>"; };
		37E522D12912AC4200BCCB8B /* Base */ = {isa = PBXFileReference; lastKnownFileType = file.storyboard; name = Base; path = Base.lproj/LaunchScreen.storyboard; sourceTree = "<group>"; };
		37E522D32912AC4200BCCB8B /* Info.plist */ = {isa = PBXFileReference; lastKnownFileType = text.plist.xml; path = Info.plist; sourceTree = "<group>"; };
		37E522D82912AC4200BCCB8B /* IOS-Shopping-AppTests.xctest */ = {isa = PBXFileReference; explicitFileType = wrapper.cfbundle; includeInIndex = 0; path = "IOS-Shopping-AppTests.xctest"; sourceTree = BUILT_PRODUCTS_DIR; };
		37E522DC2912AC4300BCCB8B /* IOS_Shopping_AppTests.swift */ = {isa = PBXFileReference; lastKnownFileType = sourcecode.swift; path = IOS_Shopping_AppTests.swift; sourceTree = "<group>"; };
		37E522E22912AC4300BCCB8B /* IOS-Shopping-AppUITests.xctest */ = {isa = PBXFileReference; explicitFileType = wrapper.cfbundle; includeInIndex = 0; path = "IOS-Shopping-AppUITests.xctest"; sourceTree = BUILT_PRODUCTS_DIR; };
		37E522E62912AC4300BCCB8B /* IOS_Shopping_AppUITests.swift */ = {isa = PBXFileReference; lastKnownFileType = sourcecode.swift; path = IOS_Shopping_AppUITests.swift; sourceTree = "<group>"; };
		37E522E82912AC4300BCCB8B /* IOS_Shopping_AppUITestsLaunchTests.swift */ = {isa = PBXFileReference; lastKnownFileType = sourcecode.swift; path = IOS_Shopping_AppUITestsLaunchTests.swift; sourceTree = "<group>"; };
/* End PBXFileReference section */

/* Begin PBXFrameworksBuildPhase section */
		37E522BC2912AC4000BCCB8B /* Frameworks */ = {
			isa = PBXFrameworksBuildPhase;
			buildActionMask = 2147483647;
			files = (
			);
			runOnlyForDeploymentPostprocessing = 0;
		};
		37E522D52912AC4200BCCB8B /* Frameworks */ = {
			isa = PBXFrameworksBuildPhase;
			buildActionMask = 2147483647;
			files = (
			);
			runOnlyForDeploymentPostprocessing = 0;
		};
		37E522DF2912AC4300BCCB8B /* Frameworks */ = {
			isa = PBXFrameworksBuildPhase;
			buildActionMask = 2147483647;
			files = (
			);
			runOnlyForDeploymentPostprocessing = 0;
		};
/* End PBXFrameworksBuildPhase section */

/* Begin PBXGroup section */
		371F5B522912C13E001B0058 /* App */ = {
			isa = PBXGroup;
			children = (
				371F5B532912C14A001B0058 /* Plists */,
				371F5B582912C213001B0058 /* Core */,
				371F5B572912C206001B0058 /* Delegate */,
				371F5B562912C1FA001B0058 /* View */,
				371F5B552912C1E9001B0058 /* Assets */,
			);
			path = App;
			sourceTree = "<group>";
		};
		371F5B532912C14A001B0058 /* Plists */ = {
			isa = PBXGroup;
			children = (
				37E522D32912AC4200BCCB8B /* Info.plist */,
			);
			path = Plists;
			sourceTree = "<group>";
		};
		371F5B552912C1E9001B0058 /* Assets */ = {
			isa = PBXGroup;
			children = (
				37E522CE2912AC4200BCCB8B /* Assets.xcassets */,
			);
			path = Assets;
			sourceTree = "<group>";
		};
		371F5B562912C1FA001B0058 /* View */ = {
			isa = PBXGroup;
			children = (
			);
			path = View;
			sourceTree = "<group>";
		};
		371F5B572912C206001B0058 /* Delegate */ = {
			isa = PBXGroup;
			children = (
				37E522C22912AC4000BCCB8B /* AppDelegate.swift */,
				37E522C42912AC4000BCCB8B /* SceneDelegate.swift */,
			);
			path = Delegate;
			sourceTree = "<group>";
		};
		371F5B582912C213001B0058 /* Core */ = {
			isa = PBXGroup;
			children = (
				37E522CB2912AC4000BCCB8B /* IOS_Shopping_App.xcdatamodeld */,
			);
			path = Core;
			sourceTree = "<group>";
		};
		371F5B592912C228001B0058 /* Screens */ = {
			isa = PBXGroup;
			children = (
				371F5B5A2912C268001B0058 /* Main */,
				371F5B5D2912C28C001B0058 /* Launch Screen */,
			);
			path = Screens;
			sourceTree = "<group>";
		};
		371F5B5A2912C268001B0058 /* Main */ = {
			isa = PBXGroup;
			children = (
				371F5B5C2912C275001B0058 /* View */,
				371F5B5B2912C26E001B0058 /* Controller */,
			);
			path = Main;
			sourceTree = "<group>";
		};
		371F5B5B2912C26E001B0058 /* Controller */ = {
			isa = PBXGroup;
			children = (
				37E522C62912AC4000BCCB8B /* ViewController.swift */,
			);
			path = Controller;
			sourceTree = "<group>";
		};
		371F5B5C2912C275001B0058 /* View */ = {
			isa = PBXGroup;
			children = (
				37E522C82912AC4000BCCB8B /* Main.storyboard */,
			);
			path = View;
			sourceTree = "<group>";
		};
		371F5B5D2912C28C001B0058 /* Launch Screen */ = {
			isa = PBXGroup;
			children = (
				371F5B5E2912C29F001B0058 /* View */,
			);
			path = "Launch Screen";
			sourceTree = "<group>";
		};
		371F5B5E2912C29F001B0058 /* View */ = {
			isa = PBXGroup;
			children = (
				37E522D02912AC4200BCCB8B /* LaunchScreen.storyboard */,
			);
			path = View;
			sourceTree = "<group>";
		};
		37E522B62912AC4000BCCB8B = {
			isa = PBXGroup;
			children = (
				37E522C12912AC4000BCCB8B /* IOS-Shopping-App */,
				37E522DB2912AC4300BCCB8B /* IOS-Shopping-AppTests */,
				37E522E52912AC4300BCCB8B /* IOS-Shopping-AppUITests */,
				37E522C02912AC4000BCCB8B /* Products */,
			);
			sourceTree = "<group>";
		};
		37E522C02912AC4000BCCB8B /* Products */ = {
			isa = PBXGroup;
			children = (
				37E522BF2912AC4000BCCB8B /* IOS-Shopping-App.app */,
				37E522D82912AC4200BCCB8B /* IOS-Shopping-AppTests.xctest */,
				37E522E22912AC4300BCCB8B /* IOS-Shopping-AppUITests.xctest */,
			);
			name = Products;
			sourceTree = "<group>";
		};
		37E522C12912AC4000BCCB8B /* IOS-Shopping-App */ = {
			isa = PBXGroup;
			children = (
				371F5B522912C13E001B0058 /* App */,
				371F5B592912C228001B0058 /* Screens */,
			);
			path = "IOS-Shopping-App";
			sourceTree = "<group>";
		};
		37E522DB2912AC4300BCCB8B /* IOS-Shopping-AppTests */ = {
			isa = PBXGroup;
			children = (
				37E522DC2912AC4300BCCB8B /* IOS_Shopping_AppTests.swift */,
			);
			path = "IOS-Shopping-AppTests";
			sourceTree = "<group>";
		};
		37E522E52912AC4300BCCB8B /* IOS-Shopping-AppUITests */ = {
			isa = PBXGroup;
			children = (
				37E522E62912AC4300BCCB8B /* IOS_Shopping_AppUITests.swift */,
				37E522E82912AC4300BCCB8B /* IOS_Shopping_AppUITestsLaunchTests.swift */,
			);
			path = "IOS-Shopping-AppUITests";
			sourceTree = "<group>";
		};
/* End PBXGroup section */

/* Begin PBXNativeTarget section */
		37E522BE2912AC4000BCCB8B /* IOS-Shopping-App */ = {
			isa = PBXNativeTarget;
			buildConfigurationList = 37E522EC2912AC4300BCCB8B /* Build configuration list for PBXNativeTarget "IOS-Shopping-App" */;
			buildPhases = (
				37E522BB2912AC4000BCCB8B /* Sources */,
				37E522BC2912AC4000BCCB8B /* Frameworks */,
				37E522BD2912AC4000BCCB8B /* Resources */,
			);
			buildRules = (
			);
			dependencies = (
			);
			name = "IOS-Shopping-App";
			productName = "IOS-Shopping-App";
			productReference = 37E522BF2912AC4000BCCB8B /* IOS-Shopping-App.app */;
			productType = "com.apple.product-type.application";
		};
		37E522D72912AC4200BCCB8B /* IOS-Shopping-AppTests */ = {
			isa = PBXNativeTarget;
			buildConfigurationList = 37E522EF2912AC4300BCCB8B /* Build configuration list for PBXNativeTarget "IOS-Shopping-AppTests" */;
			buildPhases = (
				37E522D42912AC4200BCCB8B /* Sources */,
				37E522D52912AC4200BCCB8B /* Frameworks */,
				37E522D62912AC4200BCCB8B /* Resources */,
			);
			buildRules = (
			);
			dependencies = (
				37E522DA2912AC4300BCCB8B /* PBXTargetDependency */,
			);
			name = "IOS-Shopping-AppTests";
			productName = "IOS-Shopping-AppTests";
			productReference = 37E522D82912AC4200BCCB8B /* IOS-Shopping-AppTests.xctest */;
			productType = "com.apple.product-type.bundle.unit-test";
		};
		37E522E12912AC4300BCCB8B /* IOS-Shopping-AppUITests */ = {
			isa = PBXNativeTarget;
			buildConfigurationList = 37E522F22912AC4300BCCB8B /* Build configuration list for PBXNativeTarget "IOS-Shopping-AppUITests" */;
			buildPhases = (
				37E522DE2912AC4300BCCB8B /* Sources */,
				37E522DF2912AC4300BCCB8B /* Frameworks */,
				37E522E02912AC4300BCCB8B /* Resources */,
			);
			buildRules = (
			);
			dependencies = (
				37E522E42912AC4300BCCB8B /* PBXTargetDependency */,
			);
			name = "IOS-Shopping-AppUITests";
			productName = "IOS-Shopping-AppUITests";
			productReference = 37E522E22912AC4300BCCB8B /* IOS-Shopping-AppUITests.xctest */;
			productType = "com.apple.product-type.bundle.ui-testing";
		};
/* End PBXNativeTarget section */

/* Begin PBXProject section */
		37E522B72912AC4000BCCB8B /* Project object */ = {
			isa = PBXProject;
			attributes = {
				BuildIndependentTargetsInParallel = 1;
				LastSwiftUpdateCheck = 1410;
				LastUpgradeCheck = 1410;
				TargetAttributes = {
					37E522BE2912AC4000BCCB8B = {
						CreatedOnToolsVersion = 14.1;
					};
					37E522D72912AC4200BCCB8B = {
						CreatedOnToolsVersion = 14.1;
						TestTargetID = 37E522BE2912AC4000BCCB8B;
					};
					37E522E12912AC4300BCCB8B = {
						CreatedOnToolsVersion = 14.1;
						TestTargetID = 37E522BE2912AC4000BCCB8B;
					};
				};
			};
			buildConfigurationList = 37E522BA2912AC4000BCCB8B /* Build configuration list for PBXProject "IOS-Shopping-App" */;
			compatibilityVersion = "Xcode 14.0";
			developmentRegion = en;
			hasScannedForEncodings = 0;
			knownRegions = (
				en,
				Base,
			);
			mainGroup = 37E522B62912AC4000BCCB8B;
			productRefGroup = 37E522C02912AC4000BCCB8B /* Products */;
			projectDirPath = "";
			projectRoot = "";
			targets = (
				37E522BE2912AC4000BCCB8B /* IOS-Shopping-App */,
				37E522D72912AC4200BCCB8B /* IOS-Shopping-AppTests */,
				37E522E12912AC4300BCCB8B /* IOS-Shopping-AppUITests */,
			);
		};
/* End PBXProject section */

/* Begin PBXResourcesBuildPhase section */
		37E522BD2912AC4000BCCB8B /* Resources */ = {
			isa = PBXResourcesBuildPhase;
			buildActionMask = 2147483647;
			files = (
				37E522D22912AC4200BCCB8B /* LaunchScreen.storyboard in Resources */,
				37E522CF2912AC4200BCCB8B /* Assets.xcassets in Resources */,
				37E522CA2912AC4000BCCB8B /* Main.storyboard in Resources */,
			);
			runOnlyForDeploymentPostprocessing = 0;
		};
		37E522D62912AC4200BCCB8B /* Resources */ = {
			isa = PBXResourcesBuildPhase;
			buildActionMask = 2147483647;
			files = (
			);
			runOnlyForDeploymentPostprocessing = 0;
		};
		37E522E02912AC4300BCCB8B /* Resources */ = {
			isa = PBXResourcesBuildPhase;
			buildActionMask = 2147483647;
			files = (
			);
			runOnlyForDeploymentPostprocessing = 0;
		};
/* End PBXResourcesBuildPhase section */

/* Begin PBXSourcesBuildPhase section */
		37E522BB2912AC4000BCCB8B /* Sources */ = {
			isa = PBXSourcesBuildPhase;
			buildActionMask = 2147483647;
			files = (
				37E522C72912AC4000BCCB8B /* ViewController.swift in Sources */,
				37E522C32912AC4000BCCB8B /* AppDelegate.swift in Sources */,
				37E522C52912AC4000BCCB8B /* SceneDelegate.swift in Sources */,
				37E522CD2912AC4000BCCB8B /* IOS_Shopping_App.xcdatamodeld in Sources */,
			);
			runOnlyForDeploymentPostprocessing = 0;
		};
		37E522D42912AC4200BCCB8B /* Sources */ = {
			isa = PBXSourcesBuildPhase;
			buildActionMask = 2147483647;
			files = (
				37E522DD2912AC4300BCCB8B /* IOS_Shopping_AppTests.swift in Sources */,
			);
			runOnlyForDeploymentPostprocessing = 0;
		};
		37E522DE2912AC4300BCCB8B /* Sources */ = {
			isa = PBXSourcesBuildPhase;
			buildActionMask = 2147483647;
			files = (
				37E522E92912AC4300BCCB8B /* IOS_Shopping_AppUITestsLaunchTests.swift in Sources */,
				37E522E72912AC4300BCCB8B /* IOS_Shopping_AppUITests.swift in Sources */,
			);
			runOnlyForDeploymentPostprocessing = 0;
		};
/* End PBXSourcesBuildPhase section */

/* Begin PBXTargetDependency section */
		37E522DA2912AC4300BCCB8B /* PBXTargetDependency */ = {
			isa = PBXTargetDependency;
			target = 37E522BE2912AC4000BCCB8B /* IOS-Shopping-App */;
			targetProxy = 37E522D92912AC4300BCCB8B /* PBXContainerItemProxy */;
		};
		37E522E42912AC4300BCCB8B /* PBXTargetDependency */ = {
			isa = PBXTargetDependency;
			target = 37E522BE2912AC4000BCCB8B /* IOS-Shopping-App */;
			targetProxy = 37E522E32912AC4300BCCB8B /* PBXContainerItemProxy */;
		};
/* End PBXTargetDependency section */

/* Begin PBXVariantGroup section */
		37E522C82912AC4000BCCB8B /* Main.storyboard */ = {
			isa = PBXVariantGroup;
			children = (
				37E522C92912AC4000BCCB8B /* Base */,
			);
			name = Main.storyboard;
			sourceTree = "<group>";
		};
		37E522D02912AC4200BCCB8B /* LaunchScreen.storyboard */ = {
			isa = PBXVariantGroup;
			children = (
				37E522D12912AC4200BCCB8B /* Base */,
			);
			name = LaunchScreen.storyboard;
			sourceTree = "<group>";
		};
/* End PBXVariantGroup section */

/* Begin XCBuildConfiguration section */
		37E522EA2912AC4300BCCB8B /* Debug */ = {
			isa = XCBuildConfiguration;
			buildSettings = {
				ALWAYS_SEARCH_USER_PATHS = NO;
				CLANG_ANALYZER_NONNULL = YES;
				CLANG_ANALYZER_NUMBER_OBJECT_CONVERSION = YES_AGGRESSIVE;
				CLANG_CXX_LANGUAGE_STANDARD = "gnu++20";
				CLANG_ENABLE_MODULES = YES;
				CLANG_ENABLE_OBJC_ARC = YES;
				CLANG_ENABLE_OBJC_WEAK = YES;
				CLANG_WARN_BLOCK_CAPTURE_AUTORELEASING = YES;
				CLANG_WARN_BOOL_CONVERSION = YES;
				CLANG_WARN_COMMA = YES;
				CLANG_WARN_CONSTANT_CONVERSION = YES;
				CLANG_WARN_DEPRECATED_OBJC_IMPLEMENTATIONS = YES;
				CLANG_WARN_DIRECT_OBJC_ISA_USAGE = YES_ERROR;
				CLANG_WARN_DOCUMENTATION_COMMENTS = YES;
				CLANG_WARN_EMPTY_BODY = YES;
				CLANG_WARN_ENUM_CONVERSION = YES;
				CLANG_WARN_INFINITE_RECURSION = YES;
				CLANG_WARN_INT_CONVERSION = YES;
				CLANG_WARN_NON_LITERAL_NULL_CONVERSION = YES;
				CLANG_WARN_OBJC_IMPLICIT_RETAIN_SELF = YES;
				CLANG_WARN_OBJC_LITERAL_CONVERSION = YES;
				CLANG_WARN_OBJC_ROOT_CLASS = YES_ERROR;
				CLANG_WARN_QUOTED_INCLUDE_IN_FRAMEWORK_HEADER = YES;
				CLANG_WARN_RANGE_LOOP_ANALYSIS = YES;
				CLANG_WARN_STRICT_PROTOTYPES = YES;
				CLANG_WARN_SUSPICIOUS_MOVE = YES;
				CLANG_WARN_UNGUARDED_AVAILABILITY = YES_AGGRESSIVE;
				CLANG_WARN_UNREACHABLE_CODE = YES;
				CLANG_WARN__DUPLICATE_METHOD_MATCH = YES;
				COPY_PHASE_STRIP = NO;
				DEBUG_INFORMATION_FORMAT = dwarf;
				ENABLE_STRICT_OBJC_MSGSEND = YES;
				ENABLE_TESTABILITY = YES;
				GCC_C_LANGUAGE_STANDARD = gnu11;
				GCC_DYNAMIC_NO_PIC = NO;
				GCC_NO_COMMON_BLOCKS = YES;
				GCC_OPTIMIZATION_LEVEL = 0;
				GCC_PREPROCESSOR_DEFINITIONS = (
					"DEBUG=1",
					"$(inherited)",
				);
				GCC_WARN_64_TO_32_BIT_CONVERSION = YES;
				GCC_WARN_ABOUT_RETURN_TYPE = YES_ERROR;
				GCC_WARN_UNDECLARED_SELECTOR = YES;
				GCC_WARN_UNINITIALIZED_AUTOS = YES_AGGRESSIVE;
				GCC_WARN_UNUSED_FUNCTION = YES;
				GCC_WARN_UNUSED_VARIABLE = YES;
				IPHONEOS_DEPLOYMENT_TARGET = 13.0;
				MTL_ENABLE_DEBUG_INFO = INCLUDE_SOURCE;
				MTL_FAST_MATH = YES;
				ONLY_ACTIVE_ARCH = YES;
				SDKROOT = iphoneos;
				SWIFT_ACTIVE_COMPILATION_CONDITIONS = DEBUG;
				SWIFT_OPTIMIZATION_LEVEL = "-Onone";
			};
			name = Debug;
		};
		37E522EB2912AC4300BCCB8B /* Release */ = {
			isa = XCBuildConfiguration;
			buildSettings = {
				ALWAYS_SEARCH_USER_PATHS = NO;
				CLANG_ANALYZER_NONNULL = YES;
				CLANG_ANALYZER_NUMBER_OBJECT_CONVERSION = YES_AGGRESSIVE;
				CLANG_CXX_LANGUAGE_STANDARD = "gnu++20";
				CLANG_ENABLE_MODULES = YES;
				CLANG_ENABLE_OBJC_ARC = YES;
				CLANG_ENABLE_OBJC_WEAK = YES;
				CLANG_WARN_BLOCK_CAPTURE_AUTORELEASING = YES;
				CLANG_WARN_BOOL_CONVERSION = YES;
				CLANG_WARN_COMMA = YES;
				CLANG_WARN_CONSTANT_CONVERSION = YES;
				CLANG_WARN_DEPRECATED_OBJC_IMPLEMENTATIONS = YES;
				CLANG_WARN_DIRECT_OBJC_ISA_USAGE = YES_ERROR;
				CLANG_WARN_DOCUMENTATION_COMMENTS = YES;
				CLANG_WARN_EMPTY_BODY = YES;
				CLANG_WARN_ENUM_CONVERSION = YES;
				CLANG_WARN_INFINITE_RECURSION = YES;
				CLANG_WARN_INT_CONVERSION = YES;
				CLANG_WARN_NON_LITERAL_NULL_CONVERSION = YES;
				CLANG_WARN_OBJC_IMPLICIT_RETAIN_SELF = YES;
				CLANG_WARN_OBJC_LITERAL_CONVERSION = YES;
				CLANG_WARN_OBJC_ROOT_CLASS = YES_ERROR;
				CLANG_WARN_QUOTED_INCLUDE_IN_FRAMEWORK_HEADER = YES;
				CLANG_WARN_RANGE_LOOP_ANALYSIS = YES;
				CLANG_WARN_STRICT_PROTOTYPES = YES;
				CLANG_WARN_SUSPICIOUS_MOVE = YES;
				CLANG_WARN_UNGUARDED_AVAILABILITY = YES_AGGRESSIVE;
				CLANG_WARN_UNREACHABLE_CODE = YES;
				CLANG_WARN__DUPLICATE_METHOD_MATCH = YES;
				COPY_PHASE_STRIP = NO;
				DEBUG_INFORMATION_FORMAT = "dwarf-with-dsym";
				ENABLE_NS_ASSERTIONS = NO;
				ENABLE_STRICT_OBJC_MSGSEND = YES;
				GCC_C_LANGUAGE_STANDARD = gnu11;
				GCC_NO_COMMON_BLOCKS = YES;
				GCC_WARN_64_TO_32_BIT_CONVERSION = YES;
				GCC_WARN_ABOUT_RETURN_TYPE = YES_ERROR;
				GCC_WARN_UNDECLARED_SELECTOR = YES;
				GCC_WARN_UNINITIALIZED_AUTOS = YES_AGGRESSIVE;
				GCC_WARN_UNUSED_FUNCTION = YES;
				GCC_WARN_UNUSED_VARIABLE = YES;
				IPHONEOS_DEPLOYMENT_TARGET = 13.0;
				MTL_ENABLE_DEBUG_INFO = NO;
				MTL_FAST_MATH = YES;
				SDKROOT = iphoneos;
				SWIFT_COMPILATION_MODE = wholemodule;
				SWIFT_OPTIMIZATION_LEVEL = "-O";
				VALIDATE_PRODUCT = YES;
			};
			name = Release;
		};
		37E522ED2912AC4300BCCB8B /* Debug */ = {
			isa = XCBuildConfiguration;
			buildSettings = {
				ASSETCATALOG_COMPILER_APPICON_NAME = AppIcon;
				ASSETCATALOG_COMPILER_GLOBAL_ACCENT_COLOR_NAME = AccentColor;
				CODE_SIGN_STYLE = Automatic;
				CURRENT_PROJECT_VERSION = 1;
				DEVELOPMENT_TEAM = Z7FX9388V4;
				GENERATE_INFOPLIST_FILE = YES;
				INFOPLIST_FILE = "IOS-Shopping-App/Info.plist";
				INFOPLIST_KEY_CFBundleDisplayName = Shopkeep;
				INFOPLIST_KEY_LSApplicationCategoryType = "public.app-category.shopping";
				INFOPLIST_KEY_UIApplicationSupportsIndirectInputEvents = YES;
				INFOPLIST_KEY_UILaunchStoryboardName = LaunchScreen;
				INFOPLIST_KEY_UIMainStoryboardFile = Main;
				INFOPLIST_KEY_UISupportedInterfaceOrientations_iPad = "UIInterfaceOrientationPortrait UIInterfaceOrientationPortraitUpsideDown UIInterfaceOrientationLandscapeLeft UIInterfaceOrientationLandscapeRight";
				INFOPLIST_KEY_UISupportedInterfaceOrientations_iPhone = "UIInterfaceOrientationPortrait UIInterfaceOrientationLandscapeLeft UIInterfaceOrientationLandscapeRight";
				IPHONEOS_DEPLOYMENT_TARGET = 13.0;
				LD_RUNPATH_SEARCH_PATHS = (
					"$(inherited)",
					"@executable_path/Frameworks",
				);
				MARKETING_VERSION = 1.0;
				PRODUCT_BUNDLE_IDENTIFIER = "com.mrtcnylmz.IOS-Shopping-App";
				PRODUCT_NAME = "$(TARGET_NAME)";
				SWIFT_EMIT_LOC_STRINGS = YES;
				SWIFT_VERSION = 5.0;
				TARGETED_DEVICE_FAMILY = "1,2";
			};
			name = Debug;
		};
		37E522EE2912AC4300BCCB8B /* Release */ = {
			isa = XCBuildConfiguration;
			buildSettings = {
				ASSETCATALOG_COMPILER_APPICON_NAME = AppIcon;
				ASSETCATALOG_COMPILER_GLOBAL_ACCENT_COLOR_NAME = AccentColor;
				CODE_SIGN_STYLE = Automatic;
				CURRENT_PROJECT_VERSION = 1;
				DEVELOPMENT_TEAM = Z7FX9388V4;
				GENERATE_INFOPLIST_FILE = YES;
				INFOPLIST_FILE = "IOS-Shopping-App/Info.plist";
				INFOPLIST_KEY_CFBundleDisplayName = Shopkeep;
				INFOPLIST_KEY_LSApplicationCategoryType = "public.app-category.shopping";
				INFOPLIST_KEY_UIApplicationSupportsIndirectInputEvents = YES;
				INFOPLIST_KEY_UILaunchStoryboardName = LaunchScreen;
				INFOPLIST_KEY_UIMainStoryboardFile = Main;
				INFOPLIST_KEY_UISupportedInterfaceOrientations_iPad = "UIInterfaceOrientationPortrait UIInterfaceOrientationPortraitUpsideDown UIInterfaceOrientationLandscapeLeft UIInterfaceOrientationLandscapeRight";
				INFOPLIST_KEY_UISupportedInterfaceOrientations_iPhone = "UIInterfaceOrientationPortrait UIInterfaceOrientationLandscapeLeft UIInterfaceOrientationLandscapeRight";
				IPHONEOS_DEPLOYMENT_TARGET = 13.0;
				LD_RUNPATH_SEARCH_PATHS = (
					"$(inherited)",
					"@executable_path/Frameworks",
				);
				MARKETING_VERSION = 1.0;
				PRODUCT_BUNDLE_IDENTIFIER = "com.mrtcnylmz.IOS-Shopping-App";
				PRODUCT_NAME = "$(TARGET_NAME)";
				SWIFT_EMIT_LOC_STRINGS = YES;
				SWIFT_VERSION = 5.0;
				TARGETED_DEVICE_FAMILY = "1,2";
			};
			name = Release;
		};
		37E522F02912AC4300BCCB8B /* Debug */ = {
			isa = XCBuildConfiguration;
			buildSettings = {
				ALWAYS_EMBED_SWIFT_STANDARD_LIBRARIES = YES;
				BUNDLE_LOADER = "$(TEST_HOST)";
				CODE_SIGN_STYLE = Automatic;
				CURRENT_PROJECT_VERSION = 1;
				DEVELOPMENT_TEAM = Z7FX9388V4;
				GENERATE_INFOPLIST_FILE = YES;
				IPHONEOS_DEPLOYMENT_TARGET = 16.1;
				MARKETING_VERSION = 1.0;
				PRODUCT_BUNDLE_IDENTIFIER = "com.mrtcnylmz.IOS-Shopping-AppTests";
				PRODUCT_NAME = "$(TARGET_NAME)";
				SWIFT_EMIT_LOC_STRINGS = NO;
				SWIFT_VERSION = 5.0;
				TARGETED_DEVICE_FAMILY = "1,2";
				TEST_HOST = "$(BUILT_PRODUCTS_DIR)/IOS-Shopping-App.app/$(BUNDLE_EXECUTABLE_FOLDER_PATH)/IOS-Shopping-App";
			};
			name = Debug;
		};
		37E522F12912AC4300BCCB8B /* Release */ = {
			isa = XCBuildConfiguration;
			buildSettings = {
				ALWAYS_EMBED_SWIFT_STANDARD_LIBRARIES = YES;
				BUNDLE_LOADER = "$(TEST_HOST)";
				CODE_SIGN_STYLE = Automatic;
				CURRENT_PROJECT_VERSION = 1;
				DEVELOPMENT_TEAM = Z7FX9388V4;
				GENERATE_INFOPLIST_FILE = YES;
				IPHONEOS_DEPLOYMENT_TARGET = 16.1;
				MARKETING_VERSION = 1.0;
				PRODUCT_BUNDLE_IDENTIFIER = "com.mrtcnylmz.IOS-Shopping-AppTests";
				PRODUCT_NAME = "$(TARGET_NAME)";
				SWIFT_EMIT_LOC_STRINGS = NO;
				SWIFT_VERSION = 5.0;
				TARGETED_DEVICE_FAMILY = "1,2";
				TEST_HOST = "$(BUILT_PRODUCTS_DIR)/IOS-Shopping-App.app/$(BUNDLE_EXECUTABLE_FOLDER_PATH)/IOS-Shopping-App";
			};
			name = Release;
		};
		37E522F32912AC4300BCCB8B /* Debug */ = {
			isa = XCBuildConfiguration;
			buildSettings = {
				ALWAYS_EMBED_SWIFT_STANDARD_LIBRARIES = YES;
				CODE_SIGN_STYLE = Automatic;
				CURRENT_PROJECT_VERSION = 1;
				DEVELOPMENT_TEAM = Z7FX9388V4;
				GENERATE_INFOPLIST_FILE = YES;
				MARKETING_VERSION = 1.0;
				PRODUCT_BUNDLE_IDENTIFIER = "com.mrtcnylmz.IOS-Shopping-AppUITests";
				PRODUCT_NAME = "$(TARGET_NAME)";
				SWIFT_EMIT_LOC_STRINGS = NO;
				SWIFT_VERSION = 5.0;
				TARGETED_DEVICE_FAMILY = "1,2";
				TEST_TARGET_NAME = "IOS-Shopping-App";
			};
			name = Debug;
		};
		37E522F42912AC4300BCCB8B /* Release */ = {
			isa = XCBuildConfiguration;
			buildSettings = {
				ALWAYS_EMBED_SWIFT_STANDARD_LIBRARIES = YES;
				CODE_SIGN_STYLE = Automatic;
				CURRENT_PROJECT_VERSION = 1;
				DEVELOPMENT_TEAM = Z7FX9388V4;
				GENERATE_INFOPLIST_FILE = YES;
				MARKETING_VERSION = 1.0;
				PRODUCT_BUNDLE_IDENTIFIER = "com.mrtcnylmz.IOS-Shopping-AppUITests";
				PRODUCT_NAME = "$(TARGET_NAME)";
				SWIFT_EMIT_LOC_STRINGS = NO;
				SWIFT_VERSION = 5.0;
				TARGETED_DEVICE_FAMILY = "1,2";
				TEST_TARGET_NAME = "IOS-Shopping-App";
			};
			name = Release;
		};
/* End XCBuildConfiguration section */

/* Begin XCConfigurationList section */
		37E522BA2912AC4000BCCB8B /* Build configuration list for PBXProject "IOS-Shopping-App" */ = {
			isa = XCConfigurationList;
			buildConfigurations = (
				37E522EA2912AC4300BCCB8B /* Debug */,
				37E522EB2912AC4300BCCB8B /* Release */,
			);
			defaultConfigurationIsVisible = 0;
			defaultConfigurationName = Release;
		};
		37E522EC2912AC4300BCCB8B /* Build configuration list for PBXNativeTarget "IOS-Shopping-App" */ = {
			isa = XCConfigurationList;
			buildConfigurations = (
				37E522ED2912AC4300BCCB8B /* Debug */,
				37E522EE2912AC4300BCCB8B /* Release */,
			);
			defaultConfigurationIsVisible = 0;
			defaultConfigurationName = Release;
		};
		37E522EF2912AC4300BCCB8B /* Build configuration list for PBXNativeTarget "IOS-Shopping-AppTests" */ = {
			isa = XCConfigurationList;
			buildConfigurations = (
				37E522F02912AC4300BCCB8B /* Debug */,
				37E522F12912AC4300BCCB8B /* Release */,
			);
			defaultConfigurationIsVisible = 0;
			defaultConfigurationName = Release;
		};
		37E522F22912AC4300BCCB8B /* Build configuration list for PBXNativeTarget "IOS-Shopping-AppUITests" */ = {
			isa = XCConfigurationList;
			buildConfigurations = (
				37E522F32912AC4300BCCB8B /* Debug */,
				37E522F42912AC4300BCCB8B /* Release */,
			);
			defaultConfigurationIsVisible = 0;
			defaultConfigurationName = Release;
		};
/* End XCConfigurationList section */

/* Begin XCVersionGroup section */
		37E522CB2912AC4000BCCB8B /* IOS_Shopping_App.xcdatamodeld */ = {
			isa = XCVersionGroup;
			children = (
				37E522CC2912AC4000BCCB8B /* IOS_Shopping_App.xcdatamodel */,
			);
			currentVersion = 37E522CC2912AC4000BCCB8B /* IOS_Shopping_App.xcdatamodel */;
			path = IOS_Shopping_App.xcdatamodeld;
			sourceTree = "<group>";
			versionGroupType = wrapper.xcdatamodel;
		};
/* End XCVersionGroup section */
	};
	rootObject = 37E522B72912AC4000BCCB8B /* Project object */;
}
